// !$*UTF8*$!
{
	archiveVersion = 1;
	classes = {
	};
	objectVersion = 46;
	objects = {

/* Begin PBXBuildFile section */
		A865C6E9171B7D740029474C /* UIKit.framework in Frameworks */ = {isa = PBXBuildFile; fileRef = A865C6E8171B7D740029474C /* UIKit.framework */; };
		A865C6EB171B7D740029474C /* Foundation.framework in Frameworks */ = {isa = PBXBuildFile; fileRef = A865C6EA171B7D740029474C /* Foundation.framework */; };
		A865C6ED171B7D740029474C /* CoreGraphics.framework in Frameworks */ = {isa = PBXBuildFile; fileRef = A865C6EC171B7D740029474C /* CoreGraphics.framework */; };
		A865C6F3171B7D740029474C /* InfoPlist.strings in Resources */ = {isa = PBXBuildFile; fileRef = A865C6F1171B7D740029474C /* InfoPlist.strings */; };
		A865C6F5171B7D740029474C /* main.m in Sources */ = {isa = PBXBuildFile; fileRef = A865C6F4171B7D740029474C /* main.m */; };
		A865C6F9171B7D740029474C /* AppDelegate.m in Sources */ = {isa = PBXBuildFile; fileRef = A865C6F8171B7D740029474C /* AppDelegate.m */; };
		A865C6FB171B7D740029474C /* Default.png in Resources */ = {isa = PBXBuildFile; fileRef = A865C6FA171B7D740029474C /* Default.png */; };
		A865C6FD171B7D740029474C /* Default@2x.png in Resources */ = {isa = PBXBuildFile; fileRef = A865C6FC171B7D740029474C /* Default@2x.png */; };
		A865C6FF171B7D740029474C /* Default-568h@2x.png in Resources */ = {isa = PBXBuildFile; fileRef = A865C6FE171B7D740029474C /* Default-568h@2x.png */; };
		A865C702171B7D740029474C /* MainStoryboard.storyboard in Resources */ = {isa = PBXBuildFile; fileRef = A865C700171B7D740029474C /* MainStoryboard.storyboard */; };
		A865C705171B7D740029474C /* ViewController.m in Sources */ = {isa = PBXBuildFile; fileRef = A865C704171B7D740029474C /* ViewController.m */; };
/* End PBXBuildFile section */

/* Begin PBXFileReference section */
		A865C6E5171B7D740029474C /* Instrupedia.app */ = {isa = PBXFileReference; explicitFileType = wrapper.application; includeInIndex = 0; path = Instrupedia.app; sourceTree = BUILT_PRODUCTS_DIR; };
		A865C6E8171B7D740029474C /* UIKit.framework */ = {isa = PBXFileReference; lastKnownFileType = wrapper.framework; name = UIKit.framework; path = System/Library/Frameworks/UIKit.framework; sourceTree = SDKROOT; };
		A865C6EA171B7D740029474C /* Foundation.framework */ = {isa = PBXFileReference; lastKnownFileType = wrapper.framework; name = Foundation.framework; path = System/Library/Frameworks/Foundation.framework; sourceTree = SDKROOT; };
		A865C6EC171B7D740029474C /* CoreGraphics.framework */ = {isa = PBXFileReference; lastKnownFileType = wrapper.framework; name = CoreGraphics.framework; path = System/Library/Frameworks/CoreGraphics.framework; sourceTree = SDKROOT; };
		A865C6F0171B7D740029474C /* Instrupedia-Info.plist */ = {isa = PBXFileReference; lastKnownFileType = text.plist.xml; path = "Instrupedia-Info.plist"; sourceTree = "<group>"; };
		A865C6F2171B7D740029474C /* en */ = {isa = PBXFileReference; lastKnownFileType = text.plist.strings; name = en; path = en.lproj/InfoPlist.strings; sourceTree = "<group>"; };
		A865C6F4171B7D740029474C /* main.m */ = {isa = PBXFileReference; lastKnownFileType = sourcecode.c.objc; path = main.m; sourceTree = "<group>"; };
		A865C6F6171B7D740029474C /* Instrupedia-Prefix.pch */ = {isa = PBXFileReference; lastKnownFileType = sourcecode.c.h; path = "Instrupedia-Prefix.pch"; sourceTree = "<group>"; };
		A865C6F7171B7D740029474C /* AppDelegate.h */ = {isa = PBXFileReference; lastKnownFileType = sourcecode.c.h; path = AppDelegate.h; sourceTree = "<group>"; };
		A865C6F8171B7D740029474C /* AppDelegate.m */ = {isa = PBXFileReference; lastKnownFileType = sourcecode.c.objc; path = AppDelegate.m; sourceTree = "<group>"; };
		A865C6FA171B7D740029474C /* Default.png */ = {isa = PBXFileReference; lastKnownFileType = image.png; path = Default.png; sourceTree = "<group>"; };
		A865C6FC171B7D740029474C /* Default@2x.png */ = {isa = PBXFileReference; lastKnownFileType = image.png; path = "Default@2x.png"; sourceTree = "<group>"; };
		A865C6FE171B7D740029474C /* Default-568h@2x.png */ = {isa = PBXFileReference; lastKnownFileType = image.png; path = "Default-568h@2x.png"; sourceTree = "<group>"; };
		A865C701171B7D740029474C /* en */ = {isa = PBXFileReference; lastKnownFileType = file.storyboard; name = en; path = en.lproj/MainStoryboard.storyboard; sourceTree = "<group>"; };
		A865C703171B7D740029474C /* ViewController.h */ = {isa = PBXFileReference; lastKnownFileType = sourcecode.c.h; path = ViewController.h; sourceTree = "<group>"; };
		A865C704171B7D740029474C /* ViewController.m */ = {isa = PBXFileReference; lastKnownFileType = sourcecode.c.objc; path = ViewController.m; sourceTree = "<group>"; };
/* End PBXFileReference section */

/* Begin PBXFrameworksBuildPhase section */
		A865C6E2171B7D740029474C /* Frameworks */ = {
			isa = PBXFrameworksBuildPhase;
			buildActionMask = 2147483647;
			files = (
				A865C6E9171B7D740029474C /* UIKit.framework in Frameworks */,
				A865C6EB171B7D740029474C /* Foundation.framework in Frameworks */,
				A865C6ED171B7D740029474C /* CoreGraphics.framework in Frameworks */,
			);
			runOnlyForDeploymentPostprocessing = 0;
		};
/* End PBXFrameworksBuildPhase section */

/* Begin PBXGroup section */
		A865C6DC171B7D740029474C = {
			isa = PBXGroup;
			children = (
				A865C6EE171B7D740029474C /* Instrupedia */,
				A865C6E7171B7D740029474C /* Frameworks */,
				A865C6E6171B7D740029474C /* Products */,
			);
			sourceTree = "<group>";
		};
		A865C6E6171B7D740029474C /* Products */ = {
			isa = PBXGroup;
			children = (
				A865C6E5171B7D740029474C /* Instrupedia.app */,
			);
			name = Products;
			sourceTree = "<group>";
		};
		A865C6E7171B7D740029474C /* Frameworks */ = {
			isa = PBXGroup;
			children = (
				A865C6E8171B7D740029474C /* UIKit.framework */,
				A865C6EA171B7D740029474C /* Foundation.framework */,
				A865C6EC171B7D740029474C /* CoreGraphics.framework */,
			);
			name = Frameworks;
			sourceTree = "<group>";
		};
		A865C6EE171B7D740029474C /* Instrupedia */ = {
			isa = PBXGroup;
			children = (
				A865C6F7171B7D740029474C /* AppDelegate.h */,
				A865C6F8171B7D740029474C /* AppDelegate.m */,
				A865C700171B7D740029474C /* MainStoryboard.storyboard */,
				A865C703171B7D740029474C /* ViewController.h */,
				A865C704171B7D740029474C /* ViewController.m */,
				A865C6EF171B7D740029474C /* Supporting Files */,
			);
			path = Instrupedia;
			sourceTree = "<group>";
		};
		A865C6EF171B7D740029474C /* Supporting Files */ = {
			isa = PBXGroup;
			children = (
				A865C6F0171B7D740029474C /* Instrupedia-Info.plist */,
				A865C6F1171B7D740029474C /* InfoPlist.strings */,
				A865C6F4171B7D740029474C /* main.m */,
				A865C6F6171B7D740029474C /* Instrupedia-Prefix.pch */,
				A865C6FA171B7D740029474C /* Default.png */,
				A865C6FC171B7D740029474C /* Default@2x.png */,
				A865C6FE171B7D740029474C /* Default-568h@2x.png */,
			);
			name = "Supporting Files";
			sourceTree = "<group>";
		};
/* End PBXGroup section */

/* Begin PBXNativeTarget section */
		A865C6E4171B7D740029474C /* Instrupedia */ = {
			isa = PBXNativeTarget;
			buildConfigurationList = A865C708171B7D740029474C /* Build configuration list for PBXNativeTarget "Instrupedia" */;
			buildPhases = (
				A865C6E1171B7D740029474C /* Sources */,
				A865C6E2171B7D740029474C /* Frameworks */,
				A865C6E3171B7D740029474C /* Resources */,
			);
			buildRules = (
			);
			dependencies = (
			);
			name = Instrupedia;
			productName = Instrupedia;
			productReference = A865C6E5171B7D740029474C /* Instrupedia.app */;
			productType = "com.apple.product-type.application";
		};
/* End PBXNativeTarget section */

/* Begin PBXProject section */
		A865C6DD171B7D740029474C /* Project object */ = {
			isa = PBXProject;
			attributes = {
				LastUpgradeCheck = 0460;
				ORGANIZATIONNAME = ACA;
			};
			buildConfigurationList = A865C6E0171B7D740029474C /* Build configuration list for PBXProject "Instrupedia" */;
			compatibilityVersion = "Xcode 3.2";
			developmentRegion = English;
			hasScannedForEncodings = 0;
			knownRegions = (
				en,
			);
			mainGroup = A865C6DC171B7D740029474C;
			productRefGroup = A865C6E6171B7D740029474C /* Products */;
			projectDirPath = "";
			projectRoot = "";
			targets = (
				A865C6E4171B7D740029474C /* Instrupedia */,
			);
		};
/* End PBXProject section */

/* Begin PBXResourcesBuildPhase section */
		A865C6E3171B7D740029474C /* Resources */ = {
			isa = PBXResourcesBuildPhase;
			buildActionMask = 2147483647;
			files = (
				A865C6F3171B7D740029474C /* InfoPlist.strings in Resources */,
				A865C6FB171B7D740029474C /* Default.png in Resources */,
				A865C6FD171B7D740029474C /* Default@2x.png in Resources */,
				A865C6FF171B7D740029474C /* Default-568h@2x.png in Resources */,
				A865C702171B7D740029474C /* MainStoryboard.storyboard in Resources */,
			);
			runOnlyForDeploymentPostprocessing = 0;
		};
/* End PBXResourcesBuildPhase section */

/* Begin PBXSourcesBuildPhase section */
		A865C6E1171B7D740029474C /* Sources */ = {
			isa = PBXSourcesBuildPhase;
			buildActionMask = 2147483647;
			files = (
				A865C6F5171B7D740029474C /* main.m in Sources */,
				A865C6F9171B7D740029474C /* AppDelegate.m in Sources */,
				A865C705171B7D740029474C /* ViewController.m in Sources */,
			);
			runOnlyForDeploymentPostprocessing = 0;
		};
/* End PBXSourcesBuildPhase section */

/* Begin PBXVariantGroup section */
		A865C6F1171B7D740029474C /* InfoPlist.strings */ = {
			isa = PBXVariantGroup;
			children = (
				A865C6F2171B7D740029474C /* en */,
			);
			name = InfoPlist.strings;
			sourceTree = "<group>";
		};
		A865C700171B7D740029474C /* MainStoryboard.storyboard */ = {
			isa = PBXVariantGroup;
			children = (
				A865C701171B7D740029474C /* en */,
			);
			name = MainStoryboard.storyboard;
			sourceTree = "<group>";
		};
/* End PBXVariantGroup section */

/* Begin XCBuildConfiguration section */
		A865C706171B7D740029474C /* Debug */ = {
			isa = XCBuildConfiguration;
			buildSettings = {
				ALWAYS_SEARCH_USER_PATHS = NO;
				CLANG_CXX_LANGUAGE_STANDARD = "gnu++0x";
				CLANG_CXX_LIBRARY = "libc++";
				CLANG_ENABLE_OBJC_ARC = YES;
				CLANG_WARN_CONSTANT_CONVERSION = YES;
				CLANG_WARN_EMPTY_BODY = YES;
				CLANG_WARN_ENUM_CONVERSION = YES;
				CLANG_WARN_INT_CONVERSION = YES;
				CLANG_WARN__DUPLICATE_METHOD_MATCH = YES;
				"CODE_SIGN_IDENTITY[sdk=iphoneos*]" = "iPhone Developer";
				COPY_PHASE_STRIP = NO;
				GCC_C_LANGUAGE_STANDARD = gnu99;
				GCC_DYNAMIC_NO_PIC = NO;
				GCC_OPTIMIZATION_LEVEL = 0;
				GCC_PREPROCESSOR_DEFINITIONS = (
					"DEBUG=1",
					"$(inherited)",
				);
				GCC_SYMBOLS_PRIVATE_EXTERN = NO;
				GCC_WARN_ABOUT_RETURN_TYPE = YES;
				GCC_WARN_UNINITIALIZED_AUTOS = YES;
				GCC_WARN_UNUSED_VARIABLE = YES;
				IPHONEOS_DEPLOYMENT_TARGET = 6.1;
				ONLY_ACTIVE_ARCH = YES;
				SDKROOT = iphoneos;
			};
			name = Debug;
		};
		A865C707171B7D740029474C /* Release */ = {
			isa = XCBuildConfiguration;
			buildSettings = {
				ALWAYS_SEARCH_USER_PATHS = NO;
				CLANG_CXX_LANGUAGE_STANDARD = "gnu++0x";
				CLANG_CXX_LIBRARY = "libc++";
				CLANG_ENABLE_OBJC_ARC = YES;
				CLANG_WARN_CONSTANT_CONVERSION = YES;
				CLANG_WARN_EMPTY_BODY = YES;
				CLANG_WARN_ENUM_CONVERSION = YES;
				CLANG_WARN_INT_CONVERSION = YES;
				CLANG_WARN__DUPLICATE_METHOD_MATCH = YES;
				"CODE_SIGN_IDENTITY[sdk=iphoneos*]" = "iPhone Developer";
				COPY_PHASE_STRIP = YES;
				GCC_C_LANGUAGE_STANDARD = gnu99;
				GCC_WARN_ABOUT_RETURN_TYPE = YES;
				GCC_WARN_UNINITIALIZED_AUTOS = YES;
				GCC_WARN_UNUSED_VARIABLE = YES;
				IPHONEOS_DEPLOYMENT_TARGET = 6.1;
				OTHER_CFLAGS = "-DNS_BLOCK_ASSERTIONS=1";
				SDKROOT = iphoneos;
				VALIDATE_PRODUCT = YES;
			};
			name = Release;
		};
		A865C709171B7D740029474C /* Debug */ = {
			isa = XCBuildConfiguration;
			buildSettings = {
				GCC_PRECOMPILE_PREFIX_HEADER = YES;
				GCC_PREFIX_HEADER = "Instrupedia/Instrupedia-Prefix.pch";
				INFOPLIST_FILE = "Instrupedia/Instrupedia-Info.plist";
				PRODUCT_NAME = "$(TARGET_NAME)";
				WRAPPER_EXTENSION = app;
			};
			name = Debug;
		};
		A865C70A171B7D740029474C /* Release */ = {
			isa = XCBuildConfiguration;
			buildSettings = {
				GCC_PRECOMPILE_PREFIX_HEADER = YES;
				GCC_PREFIX_HEADER = "Instrupedia/Instrupedia-Prefix.pch";
				INFOPLIST_FILE = "Instrupedia/Instrupedia-Info.plist";
				PRODUCT_NAME = "$(TARGET_NAME)";
				WRAPPER_EXTENSION = app;
			};
			name = Release;
		};
/* End XCBuildConfiguration section */

/* Begin XCConfigurationList section */
		A865C6E0171B7D740029474C /* Build configuration list for PBXProject "Instrupedia" */ = {
			isa = XCConfigurationList;
			buildConfigurations = (
				A865C706171B7D740029474C /* Debug */,
				A865C707171B7D740029474C /* Release */,
			);
			defaultConfigurationIsVisible = 0;
			defaultConfigurationName = Release;
		};
		A865C708171B7D740029474C /* Build configuration list for PBXNativeTarget "Instrupedia" */ = {
			isa = XCConfigurationList;
			buildConfigurations = (
				A865C709171B7D740029474C /* Debug */,
				A865C70A171B7D740029474C /* Release */,
			);
			defaultConfigurationIsVisible = 0;
		};
/* End XCConfigurationList section */
	};
	rootObject = A865C6DD171B7D740029474C /* Project object */;
}
